// !$*UTF8*$!
{
	archiveVersion = 1;
	classes = {
	};
	objectVersion = 56;
	objects = {

/* Begin PBXBuildFile section */
		0E879DBA299E773B00BBE9D2 /* HouseHeader.swift in Sources */ = {isa = PBXBuildFile; fileRef = 0E879DB9299E773B00BBE9D2 /* HouseHeader.swift */; };
		0EB88D1129914CAD00D7D96F /* CountingViewController.swift in Sources */ = {isa = PBXBuildFile; fileRef = 0EB88D1029914CAD00D7D96F /* CountingViewController.swift */; };
		0EB88D1429914D1700D7D96F /* CountingView.swift in Sources */ = {isa = PBXBuildFile; fileRef = 0EB88D1329914D1700D7D96F /* CountingView.swift */; };
		0EB88D17299158F300D7D96F /* Hero in Frameworks */ = {isa = PBXBuildFile; productRef = 0EB88D16299158F300D7D96F /* Hero */; };
		0EB88D1929915F8200D7D96F /* HeroHelper.swift in Sources */ = {isa = PBXBuildFile; fileRef = 0EB88D1829915F8200D7D96F /* HeroHelper.swift */; };
		0EB88D2C2993ED9F00D7D96F /* BaseViewController.swift in Sources */ = {isa = PBXBuildFile; fileRef = 0EB88D2B2993ED9F00D7D96F /* BaseViewController.swift */; };
		0EB88D2E2993EE0800D7D96F /* BasicView.swift in Sources */ = {isa = PBXBuildFile; fileRef = 0EB88D2D2993EE0800D7D96F /* BasicView.swift */; };
		0EB88D322993EF3800D7D96F /* UIColor+Extension.swift in Sources */ = {isa = PBXBuildFile; fileRef = 0EB88D312993EF3800D7D96F /* UIColor+Extension.swift */; };
		0EB88D342993EFAC00D7D96F /* UIImageView+Extension.swift in Sources */ = {isa = PBXBuildFile; fileRef = 0EB88D332993EFAC00D7D96F /* UIImageView+Extension.swift */; };
		0EB88D362993F09B00D7D96F /* PageType.swift in Sources */ = {isa = PBXBuildFile; fileRef = 0EB88D352993F09B00D7D96F /* PageType.swift */; };
		0EB88D392993F15100D7D96F /* MenuViewController.swift in Sources */ = {isa = PBXBuildFile; fileRef = 0EB88D382993F15100D7D96F /* MenuViewController.swift */; };
		0EB88D3B2993F1A700D7D96F /* MenuView.swift in Sources */ = {isa = PBXBuildFile; fileRef = 0EB88D3A2993F1A700D7D96F /* MenuView.swift */; };
		0EB88D3E299690AE00D7D96F /* IntroViewController.swift in Sources */ = {isa = PBXBuildFile; fileRef = 0EB88D3D299690AE00D7D96F /* IntroViewController.swift */; };
		0EB88D40299690CA00D7D96F /* IntroView.swift in Sources */ = {isa = PBXBuildFile; fileRef = 0EB88D3F299690CA00D7D96F /* IntroView.swift */; };
		0EB88D432997CE1A00D7D96F /* RayWenderlichTutorialViewController.swift in Sources */ = {isa = PBXBuildFile; fileRef = 0EB88D422997CE1A00D7D96F /* RayWenderlichTutorialViewController.swift */; };
		0EB88D472997FA6D00D7D96F /* MethodCell.swift in Sources */ = {isa = PBXBuildFile; fileRef = 0EB88D462997FA6D00D7D96F /* MethodCell.swift */; };
		0EB88D492997FCC000D7D96F /* MethodGroupHeader.swift in Sources */ = {isa = PBXBuildFile; fileRef = 0EB88D482997FCC000D7D96F /* MethodGroupHeader.swift */; };
		0EB88D4B2997FDAF00D7D96F /* TableViewExampleView.swift in Sources */ = {isa = PBXBuildFile; fileRef = 0EB88D4A2997FDAF00D7D96F /* TableViewExampleView.swift */; };
		0EB88D4D2997FFD300D7D96F /* TableViewExampleViewController.swift in Sources */ = {isa = PBXBuildFile; fileRef = 0EB88D4C2997FFD300D7D96F /* TableViewExampleViewController.swift */; };
		0EB88D502999272200D7D96F /* HouseCell.swift in Sources */ = {isa = PBXBuildFile; fileRef = 0EB88D4F2999272200D7D96F /* HouseCell.swift */; };
		0EB88D5229992CB900D7D96F /* CollectionViewExampleView.swift in Sources */ = {isa = PBXBuildFile; fileRef = 0EB88D5129992CB900D7D96F /* CollectionViewExampleView.swift */; };
		0EB88D5429992FDD00D7D96F /* CollectionViewExampleViewController.swift in Sources */ = {isa = PBXBuildFile; fileRef = 0EB88D5329992FDD00D7D96F /* CollectionViewExampleViewController.swift */; };
		0EB88D5729993EEA00D7D96F /* ExampleView.swift in Sources */ = {isa = PBXBuildFile; fileRef = 0EB88D5629993EEA00D7D96F /* ExampleView.swift */; };
		0EB88D592999413400D7D96F /* ExampleViewController.swift in Sources */ = {isa = PBXBuildFile; fileRef = 0EB88D582999413400D7D96F /* ExampleViewController.swift */; };
		0EB88D5C299BC57700D7D96F /* ExampleAViewController.swift in Sources */ = {isa = PBXBuildFile; fileRef = 0EB88D5B299BC57700D7D96F /* ExampleAViewController.swift */; };
		0EB88D5E299BC5A700D7D96F /* ExampleAView.swift in Sources */ = {isa = PBXBuildFile; fileRef = 0EB88D5D299BC5A700D7D96F /* ExampleAView.swift */; };
		0EB88D61299BCC0000D7D96F /* ExampleBView.swift in Sources */ = {isa = PBXBuildFile; fileRef = 0EB88D60299BCC0000D7D96F /* ExampleBView.swift */; };
		0EB88D63299BCF2200D7D96F /* ExampleBViewController.swift in Sources */ = {isa = PBXBuildFile; fileRef = 0EB88D62299BCF2200D7D96F /* ExampleBViewController.swift */; };
		0EB88D66299BD10900D7D96F /* ExampleCViewController.swift in Sources */ = {isa = PBXBuildFile; fileRef = 0EB88D65299BD10900D7D96F /* ExampleCViewController.swift */; };
		0EB88D68299BD13D00D7D96F /* ExampleCView.swift in Sources */ = {isa = PBXBuildFile; fileRef = 0EB88D67299BD13D00D7D96F /* ExampleCView.swift */; };
		0EB88D6B299BD49100D7D96F /* ExampleDViewController.swift in Sources */ = {isa = PBXBuildFile; fileRef = 0EB88D6A299BD49100D7D96F /* ExampleDViewController.swift */; };
		0EB88D6D299BD4AC00D7D96F /* ExampleDView.swift in Sources */ = {isa = PBXBuildFile; fileRef = 0EB88D6C299BD4AC00D7D96F /* ExampleDView.swift */; };
		0EB88D71299BDA6B00D7D96F /* ExampleEViewController.swift in Sources */ = {isa = PBXBuildFile; fileRef = 0EB88D70299BDA6B00D7D96F /* ExampleEViewController.swift */; };
		0EB88D73299BDA8200D7D96F /* ExampleEView.swift in Sources */ = {isa = PBXBuildFile; fileRef = 0EB88D72299BDA8200D7D96F /* ExampleEView.swift */; };
		0EB88D75299BDD2900D7D96F /* ExampleFViewController.swift in Sources */ = {isa = PBXBuildFile; fileRef = 0EB88D74299BDD2900D7D96F /* ExampleFViewController.swift */; };
		0EB88D77299BDD4C00D7D96F /* ExampleFView.swift in Sources */ = {isa = PBXBuildFile; fileRef = 0EB88D76299BDD4C00D7D96F /* ExampleFView.swift */; };
		0EEAE5C2298AB2E5005C8DE3 /* AppDelegate.swift in Sources */ = {isa = PBXBuildFile; fileRef = 0EEAE5C1298AB2E5005C8DE3 /* AppDelegate.swift */; };
		0EEAE5C4298AB2E5005C8DE3 /* SceneDelegate.swift in Sources */ = {isa = PBXBuildFile; fileRef = 0EEAE5C3298AB2E5005C8DE3 /* SceneDelegate.swift */; };
		0EEAE5C6298AB2E5005C8DE3 /* ViewController.swift in Sources */ = {isa = PBXBuildFile; fileRef = 0EEAE5C5298AB2E5005C8DE3 /* ViewController.swift */; };
		0EEAE5CB298AB2E6005C8DE3 /* Assets.xcassets in Resources */ = {isa = PBXBuildFile; fileRef = 0EEAE5CA298AB2E6005C8DE3 /* Assets.xcassets */; };
		0EEAE5CE298AB2E6005C8DE3 /* LaunchScreen.storyboard in Resources */ = {isa = PBXBuildFile; fileRef = 0EEAE5CC298AB2E6005C8DE3 /* LaunchScreen.storyboard */; };
		0EEAE5D6298AB455005C8DE3 /* sampleView.swift in Sources */ = {isa = PBXBuildFile; fileRef = 0EEAE5D5298AB455005C8DE3 /* sampleView.swift */; };
		0EEAE5D9298AB4C6005C8DE3 /* PinLayout in Frameworks */ = {isa = PBXBuildFile; productRef = 0EEAE5D8298AB4C6005C8DE3 /* PinLayout */; };
		0EEAE5DD298AB512005C8DE3 /* FlexLayout in Frameworks */ = {isa = PBXBuildFile; productRef = 0EEAE5DC298AB512005C8DE3 /* FlexLayout */; };
		0EEAE5DF298AB512005C8DE3 /* FlexLayoutYoga in Frameworks */ = {isa = PBXBuildFile; productRef = 0EEAE5DE298AB512005C8DE3 /* FlexLayoutYoga */; };
		0EEAE5E1298AB512005C8DE3 /* FlexLayoutYogaKit in Frameworks */ = {isa = PBXBuildFile; productRef = 0EEAE5E0298AB512005C8DE3 /* FlexLayoutYogaKit */; };
/* End PBXBuildFile section */

/* Begin PBXFileReference section */
		0E879DB9299E773B00BBE9D2 /* HouseHeader.swift */ = {isa = PBXFileReference; lastKnownFileType = sourcecode.swift; path = HouseHeader.swift; sourceTree = "<group>"; };
		0EB88D1029914CAD00D7D96F /* CountingViewController.swift */ = {isa = PBXFileReference; lastKnownFileType = sourcecode.swift; path = CountingViewController.swift; sourceTree = "<group>"; };
		0EB88D1329914D1700D7D96F /* CountingView.swift */ = {isa = PBXFileReference; lastKnownFileType = sourcecode.swift; path = CountingView.swift; sourceTree = "<group>"; };
		0EB88D1829915F8200D7D96F /* HeroHelper.swift */ = {isa = PBXFileReference; lastKnownFileType = sourcecode.swift; path = HeroHelper.swift; sourceTree = "<group>"; };
		0EB88D2B2993ED9F00D7D96F /* BaseViewController.swift */ = {isa = PBXFileReference; lastKnownFileType = sourcecode.swift; path = BaseViewController.swift; sourceTree = "<group>"; };
		0EB88D2D2993EE0800D7D96F /* BasicView.swift */ = {isa = PBXFileReference; lastKnownFileType = sourcecode.swift; path = BasicView.swift; sourceTree = "<group>"; };
		0EB88D312993EF3800D7D96F /* UIColor+Extension.swift */ = {isa = PBXFileReference; lastKnownFileType = sourcecode.swift; path = "UIColor+Extension.swift"; sourceTree = "<group>"; };
		0EB88D332993EFAC00D7D96F /* UIImageView+Extension.swift */ = {isa = PBXFileReference; lastKnownFileType = sourcecode.swift; path = "UIImageView+Extension.swift"; sourceTree = "<group>"; };
		0EB88D352993F09B00D7D96F /* PageType.swift */ = {isa = PBXFileReference; lastKnownFileType = sourcecode.swift; path = PageType.swift; sourceTree = "<group>"; };
		0EB88D382993F15100D7D96F /* MenuViewController.swift */ = {isa = PBXFileReference; lastKnownFileType = sourcecode.swift; path = MenuViewController.swift; sourceTree = "<group>"; };
		0EB88D3A2993F1A700D7D96F /* MenuView.swift */ = {isa = PBXFileReference; lastKnownFileType = sourcecode.swift; path = MenuView.swift; sourceTree = "<group>"; };
		0EB88D3D299690AE00D7D96F /* IntroViewController.swift */ = {isa = PBXFileReference; lastKnownFileType = sourcecode.swift; path = IntroViewController.swift; sourceTree = "<group>"; };
		0EB88D3F299690CA00D7D96F /* IntroView.swift */ = {isa = PBXFileReference; lastKnownFileType = sourcecode.swift; path = IntroView.swift; sourceTree = "<group>"; };
		0EB88D422997CE1A00D7D96F /* RayWenderlichTutorialViewController.swift */ = {isa = PBXFileReference; lastKnownFileType = sourcecode.swift; path = RayWenderlichTutorialViewController.swift; sourceTree = "<group>"; };
		0EB88D462997FA6D00D7D96F /* MethodCell.swift */ = {isa = PBXFileReference; lastKnownFileType = sourcecode.swift; path = MethodCell.swift; sourceTree = "<group>"; };
		0EB88D482997FCC000D7D96F /* MethodGroupHeader.swift */ = {isa = PBXFileReference; lastKnownFileType = sourcecode.swift; path = MethodGroupHeader.swift; sourceTree = "<group>"; };
		0EB88D4A2997FDAF00D7D96F /* TableViewExampleView.swift */ = {isa = PBXFileReference; lastKnownFileType = sourcecode.swift; path = TableViewExampleView.swift; sourceTree = "<group>"; };
		0EB88D4C2997FFD300D7D96F /* TableViewExampleViewController.swift */ = {isa = PBXFileReference; lastKnownFileType = sourcecode.swift; path = TableViewExampleViewController.swift; sourceTree = "<group>"; };
		0EB88D4F2999272200D7D96F /* HouseCell.swift */ = {isa = PBXFileReference; lastKnownFileType = sourcecode.swift; path = HouseCell.swift; sourceTree = "<group>"; };
		0EB88D5129992CB900D7D96F /* CollectionViewExampleView.swift */ = {isa = PBXFileReference; lastKnownFileType = sourcecode.swift; path = CollectionViewExampleView.swift; sourceTree = "<group>"; };
		0EB88D5329992FDD00D7D96F /* CollectionViewExampleViewController.swift */ = {isa = PBXFileReference; lastKnownFileType = sourcecode.swift; path = CollectionViewExampleViewController.swift; sourceTree = "<group>"; };
		0EB88D5629993EEA00D7D96F /* ExampleView.swift */ = {isa = PBXFileReference; lastKnownFileType = sourcecode.swift; path = ExampleView.swift; sourceTree = "<group>"; };
		0EB88D582999413400D7D96F /* ExampleViewController.swift */ = {isa = PBXFileReference; lastKnownFileType = sourcecode.swift; path = ExampleViewController.swift; sourceTree = "<group>"; };
		0EB88D5B299BC57700D7D96F /* ExampleAViewController.swift */ = {isa = PBXFileReference; lastKnownFileType = sourcecode.swift; path = ExampleAViewController.swift; sourceTree = "<group>"; };
		0EB88D5D299BC5A700D7D96F /* ExampleAView.swift */ = {isa = PBXFileReference; lastKnownFileType = sourcecode.swift; path = ExampleAView.swift; sourceTree = "<group>"; };
		0EB88D60299BCC0000D7D96F /* ExampleBView.swift */ = {isa = PBXFileReference; lastKnownFileType = sourcecode.swift; path = ExampleBView.swift; sourceTree = "<group>"; };
		0EB88D62299BCF2200D7D96F /* ExampleBViewController.swift */ = {isa = PBXFileReference; lastKnownFileType = sourcecode.swift; path = ExampleBViewController.swift; sourceTree = "<group>"; };
		0EB88D65299BD10900D7D96F /* ExampleCViewController.swift */ = {isa = PBXFileReference; lastKnownFileType = sourcecode.swift; path = ExampleCViewController.swift; sourceTree = "<group>"; };
		0EB88D67299BD13D00D7D96F /* ExampleCView.swift */ = {isa = PBXFileReference; lastKnownFileType = sourcecode.swift; path = ExampleCView.swift; sourceTree = "<group>"; };
		0EB88D6A299BD49100D7D96F /* ExampleDViewController.swift */ = {isa = PBXFileReference; lastKnownFileType = sourcecode.swift; path = ExampleDViewController.swift; sourceTree = "<group>"; };
		0EB88D6C299BD4AC00D7D96F /* ExampleDView.swift */ = {isa = PBXFileReference; lastKnownFileType = sourcecode.swift; path = ExampleDView.swift; sourceTree = "<group>"; };
		0EB88D70299BDA6B00D7D96F /* ExampleEViewController.swift */ = {isa = PBXFileReference; lastKnownFileType = sourcecode.swift; path = ExampleEViewController.swift; sourceTree = "<group>"; };
		0EB88D72299BDA8200D7D96F /* ExampleEView.swift */ = {isa = PBXFileReference; lastKnownFileType = sourcecode.swift; path = ExampleEView.swift; sourceTree = "<group>"; };
		0EB88D74299BDD2900D7D96F /* ExampleFViewController.swift */ = {isa = PBXFileReference; lastKnownFileType = sourcecode.swift; path = ExampleFViewController.swift; sourceTree = "<group>"; };
		0EB88D76299BDD4C00D7D96F /* ExampleFView.swift */ = {isa = PBXFileReference; lastKnownFileType = sourcecode.swift; path = ExampleFView.swift; sourceTree = "<group>"; };
		0EEAE5BE298AB2E5005C8DE3 /* FlexlayoutPractice.app */ = {isa = PBXFileReference; explicitFileType = wrapper.application; includeInIndex = 0; path = FlexlayoutPractice.app; sourceTree = BUILT_PRODUCTS_DIR; };
		0EEAE5C1298AB2E5005C8DE3 /* AppDelegate.swift */ = {isa = PBXFileReference; lastKnownFileType = sourcecode.swift; path = AppDelegate.swift; sourceTree = "<group>"; };
		0EEAE5C3298AB2E5005C8DE3 /* SceneDelegate.swift */ = {isa = PBXFileReference; lastKnownFileType = sourcecode.swift; path = SceneDelegate.swift; sourceTree = "<group>"; };
		0EEAE5C5298AB2E5005C8DE3 /* ViewController.swift */ = {isa = PBXFileReference; lastKnownFileType = sourcecode.swift; path = ViewController.swift; sourceTree = "<group>"; };
		0EEAE5CA298AB2E6005C8DE3 /* Assets.xcassets */ = {isa = PBXFileReference; lastKnownFileType = folder.assetcatalog; path = Assets.xcassets; sourceTree = "<group>"; };
		0EEAE5CD298AB2E6005C8DE3 /* Base */ = {isa = PBXFileReference; lastKnownFileType = file.storyboard; name = Base; path = Base.lproj/LaunchScreen.storyboard; sourceTree = "<group>"; };
		0EEAE5CF298AB2E6005C8DE3 /* Info.plist */ = {isa = PBXFileReference; lastKnownFileType = text.plist.xml; path = Info.plist; sourceTree = "<group>"; };
		0EEAE5D5298AB455005C8DE3 /* sampleView.swift */ = {isa = PBXFileReference; lastKnownFileType = sourcecode.swift; path = sampleView.swift; sourceTree = "<group>"; };
/* End PBXFileReference section */

/* Begin PBXFrameworksBuildPhase section */
		0EEAE5BB298AB2E5005C8DE3 /* Frameworks */ = {
			isa = PBXFrameworksBuildPhase;
			buildActionMask = 2147483647;
			files = (
				0EEAE5D9298AB4C6005C8DE3 /* PinLayout in Frameworks */,
				0EEAE5DD298AB512005C8DE3 /* FlexLayout in Frameworks */,
				0EEAE5E1298AB512005C8DE3 /* FlexLayoutYogaKit in Frameworks */,
				0EB88D17299158F300D7D96F /* Hero in Frameworks */,
				0EEAE5DF298AB512005C8DE3 /* FlexLayoutYoga in Frameworks */,
			);
			runOnlyForDeploymentPostprocessing = 0;
		};
/* End PBXFrameworksBuildPhase section */

/* Begin PBXGroup section */
		0EB88D1229914CDF00D7D96F /* CountingScene */ = {
			isa = PBXGroup;
			children = (
				0EB88D1029914CAD00D7D96F /* CountingViewController.swift */,
				0EB88D1329914D1700D7D96F /* CountingView.swift */,
			);
			path = CountingScene;
			sourceTree = "<group>";
		};
		0EB88D272993ED5F00D7D96F /* UI */ = {
			isa = PBXGroup;
			children = (
				0EB88D282993ED6500D7D96F /* Common */,
				0EB88D292993ED7200D7D96F /* Menu */,
				0EB88D2A2993ED7700D7D96F /* Examples */,
			);
			path = UI;
			sourceTree = "<group>";
		};
		0EB88D282993ED6500D7D96F /* Common */ = {
			isa = PBXGroup;
			children = (
				0EB88D302993EF1800D7D96F /* Base */,
				0EB88D2F2993EF0C00D7D96F /* Extensions */,
				0EB88D372993F0A400D7D96F /* Enum */,
			);
			path = Common;
			sourceTree = "<group>";
		};
		0EB88D292993ED7200D7D96F /* Menu */ = {
			isa = PBXGroup;
			children = (
				0EB88D382993F15100D7D96F /* MenuViewController.swift */,
				0EB88D3A2993F1A700D7D96F /* MenuView.swift */,
			);
			path = Menu;
			sourceTree = "<group>";
		};
		0EB88D2A2993ED7700D7D96F /* Examples */ = {
			isa = PBXGroup;
			children = (
				0EB88D3C2996909C00D7D96F /* Intro */,
				0EB88D412997CDF800D7D96F /* RaywenderlichTutorial */,
				0EB88D442997FA4700D7D96F /* TableViewExample */,
				0EB88D4E299801C000D7D96F /* CollectionViewExample */,
				0EB88D5529993EC800D7D96F /* Example Column */,
				0EB88D5A299BC55B00D7D96F /* ExampleA */,
				0EB88D5F299BCBF600D7D96F /* ExampleB */,
				0EB88D64299BD0F600D7D96F /* ExampleC */,
				0EB88D69299BD47C00D7D96F /* ExampleD */,
				0EB88D6E299BD89800D7D96F /* ExampleE */,
				0EB88D6F299BD8A200D7D96F /* ExampleF */,
			);
			path = Examples;
			sourceTree = "<group>";
		};
		0EB88D2F2993EF0C00D7D96F /* Extensions */ = {
			isa = PBXGroup;
			children = (
				0EB88D312993EF3800D7D96F /* UIColor+Extension.swift */,
				0EB88D332993EFAC00D7D96F /* UIImageView+Extension.swift */,
			);
			path = Extensions;
			sourceTree = "<group>";
		};
		0EB88D302993EF1800D7D96F /* Base */ = {
			isa = PBXGroup;
			children = (
				0EB88D2B2993ED9F00D7D96F /* BaseViewController.swift */,
				0EB88D2D2993EE0800D7D96F /* BasicView.swift */,
			);
			path = Base;
			sourceTree = "<group>";
		};
		0EB88D372993F0A400D7D96F /* Enum */ = {
			isa = PBXGroup;
			children = (
				0EB88D352993F09B00D7D96F /* PageType.swift */,
			);
			path = Enum;
			sourceTree = "<group>";
		};
		0EB88D3C2996909C00D7D96F /* Intro */ = {
			isa = PBXGroup;
			children = (
				0EB88D3D299690AE00D7D96F /* IntroViewController.swift */,
				0EB88D3F299690CA00D7D96F /* IntroView.swift */,
			);
			path = Intro;
			sourceTree = "<group>";
		};
		0EB88D412997CDF800D7D96F /* RaywenderlichTutorial */ = {
			isa = PBXGroup;
			children = (
				0EB88D422997CE1A00D7D96F /* RayWenderlichTutorialViewController.swift */,
			);
			path = RaywenderlichTutorial;
			sourceTree = "<group>";
		};
		0EB88D442997FA4700D7D96F /* TableViewExample */ = {
			isa = PBXGroup;
			children = (
				0EB88D452997FA5E00D7D96F /* Subviews */,
				0EB88D4A2997FDAF00D7D96F /* TableViewExampleView.swift */,
				0EB88D4C2997FFD300D7D96F /* TableViewExampleViewController.swift */,
			);
			path = TableViewExample;
			sourceTree = "<group>";
		};
		0EB88D452997FA5E00D7D96F /* Subviews */ = {
			isa = PBXGroup;
			children = (
				0EB88D462997FA6D00D7D96F /* MethodCell.swift */,
				0EB88D482997FCC000D7D96F /* MethodGroupHeader.swift */,
			);
			path = Subviews;
			sourceTree = "<group>";
		};
		0EB88D4E299801C000D7D96F /* CollectionViewExample */ = {
			isa = PBXGroup;
			children = (
				0EB88D4F2999272200D7D96F /* HouseCell.swift */,
				0EB88D5129992CB900D7D96F /* CollectionViewExampleView.swift */,
				0EB88D5329992FDD00D7D96F /* CollectionViewExampleViewController.swift */,
				0E879DB9299E773B00BBE9D2 /* HouseHeader.swift */,
			);
			path = CollectionViewExample;
			sourceTree = "<group>";
		};
		0EB88D5529993EC800D7D96F /* Example Column */ = {
			isa = PBXGroup;
			children = (
				0EB88D5629993EEA00D7D96F /* ExampleView.swift */,
				0EB88D582999413400D7D96F /* ExampleViewController.swift */,
			);
			path = "Example Column";
			sourceTree = "<group>";
		};
		0EB88D5A299BC55B00D7D96F /* ExampleA */ = {
			isa = PBXGroup;
			children = (
				0EB88D5B299BC57700D7D96F /* ExampleAViewController.swift */,
				0EB88D5D299BC5A700D7D96F /* ExampleAView.swift */,
			);
			path = ExampleA;
			sourceTree = "<group>";
		};
		0EB88D5F299BCBF600D7D96F /* ExampleB */ = {
			isa = PBXGroup;
			children = (
				0EB88D60299BCC0000D7D96F /* ExampleBView.swift */,
				0EB88D62299BCF2200D7D96F /* ExampleBViewController.swift */,
			);
			path = ExampleB;
			sourceTree = "<group>";
		};
		0EB88D64299BD0F600D7D96F /* ExampleC */ = {
			isa = PBXGroup;
			children = (
				0EB88D65299BD10900D7D96F /* ExampleCViewController.swift */,
				0EB88D67299BD13D00D7D96F /* ExampleCView.swift */,
			);
			path = ExampleC;
			sourceTree = "<group>";
		};
		0EB88D69299BD47C00D7D96F /* ExampleD */ = {
			isa = PBXGroup;
			children = (
				0EB88D6A299BD49100D7D96F /* ExampleDViewController.swift */,
				0EB88D6C299BD4AC00D7D96F /* ExampleDView.swift */,
			);
			path = ExampleD;
			sourceTree = "<group>";
		};
		0EB88D6E299BD89800D7D96F /* ExampleE */ = {
			isa = PBXGroup;
			children = (
				0EB88D70299BDA6B00D7D96F /* ExampleEViewController.swift */,
				0EB88D72299BDA8200D7D96F /* ExampleEView.swift */,
			);
			path = ExampleE;
			sourceTree = "<group>";
		};
		0EB88D6F299BD8A200D7D96F /* ExampleF */ = {
			isa = PBXGroup;
			children = (
				0EB88D74299BDD2900D7D96F /* ExampleFViewController.swift */,
				0EB88D76299BDD4C00D7D96F /* ExampleFView.swift */,
			);
			path = ExampleF;
			sourceTree = "<group>";
		};
		0EEAE5B5298AB2E5005C8DE3 = {
			isa = PBXGroup;
			children = (
				0EEAE5C0298AB2E5005C8DE3 /* FlexlayoutPractice */,
				0EEAE5BF298AB2E5005C8DE3 /* Products */,
			);
			sourceTree = "<group>";
		};
		0EEAE5BF298AB2E5005C8DE3 /* Products */ = {
			isa = PBXGroup;
			children = (
				0EEAE5BE298AB2E5005C8DE3 /* FlexlayoutPractice.app */,
			);
			name = Products;
			sourceTree = "<group>";
		};
		0EEAE5C0298AB2E5005C8DE3 /* FlexlayoutPractice */ = {
			isa = PBXGroup;
			children = (
				0EEAE5C1298AB2E5005C8DE3 /* AppDelegate.swift */,
				0EEAE5C3298AB2E5005C8DE3 /* SceneDelegate.swift */,
				0EEAE5C5298AB2E5005C8DE3 /* ViewController.swift */,
				0EEAE5D5298AB455005C8DE3 /* sampleView.swift */,
				0EEAE5CA298AB2E6005C8DE3 /* Assets.xcassets */,
				0EEAE5CC298AB2E6005C8DE3 /* LaunchScreen.storyboard */,
				0EEAE5CF298AB2E6005C8DE3 /* Info.plist */,
				0EB88D272993ED5F00D7D96F /* UI */,
				0EB88D1229914CDF00D7D96F /* CountingScene */,
				0EB88D1829915F8200D7D96F /* HeroHelper.swift */,
			);
			path = FlexlayoutPractice;
			sourceTree = "<group>";
		};
/* End PBXGroup section */

/* Begin PBXNativeTarget section */
		0EEAE5BD298AB2E5005C8DE3 /* FlexlayoutPractice */ = {
			isa = PBXNativeTarget;
			buildConfigurationList = 0EEAE5D2298AB2E6005C8DE3 /* Build configuration list for PBXNativeTarget "FlexlayoutPractice" */;
			buildPhases = (
				0EEAE5BA298AB2E5005C8DE3 /* Sources */,
				0EEAE5BB298AB2E5005C8DE3 /* Frameworks */,
				0EEAE5BC298AB2E5005C8DE3 /* Resources */,
			);
			buildRules = (
			);
			dependencies = (
			);
			name = FlexlayoutPractice;
			packageProductDependencies = (
				0EEAE5D8298AB4C6005C8DE3 /* PinLayout */,
				0EEAE5DC298AB512005C8DE3 /* FlexLayout */,
				0EEAE5DE298AB512005C8DE3 /* FlexLayoutYoga */,
				0EEAE5E0298AB512005C8DE3 /* FlexLayoutYogaKit */,
				0EB88D16299158F300D7D96F /* Hero */,
			);
			productName = FlexlayoutPractice;
			productReference = 0EEAE5BE298AB2E5005C8DE3 /* FlexlayoutPractice.app */;
			productType = "com.apple.product-type.application";
		};
/* End PBXNativeTarget section */

/* Begin PBXProject section */
		0EEAE5B6298AB2E5005C8DE3 /* Project object */ = {
			isa = PBXProject;
			attributes = {
				BuildIndependentTargetsInParallel = 1;
				LastSwiftUpdateCheck = 1410;
				LastUpgradeCheck = 1410;
				TargetAttributes = {
					0EEAE5BD298AB2E5005C8DE3 = {
						CreatedOnToolsVersion = 14.1;
					};
				};
			};
			buildConfigurationList = 0EEAE5B9298AB2E5005C8DE3 /* Build configuration list for PBXProject "FlexlayoutPractice" */;
			compatibilityVersion = "Xcode 14.0";
			developmentRegion = en;
			hasScannedForEncodings = 0;
			knownRegions = (
				en,
				Base,
			);
			mainGroup = 0EEAE5B5298AB2E5005C8DE3;
			packageReferences = (
				0EEAE5D7298AB4C6005C8DE3 /* XCRemoteSwiftPackageReference "PinLayout" */,
				0EEAE5DB298AB512005C8DE3 /* XCRemoteSwiftPackageReference "FlexLayout" */,
				0EB88D15299158F300D7D96F /* XCRemoteSwiftPackageReference "Hero" */,
			);
			productRefGroup = 0EEAE5BF298AB2E5005C8DE3 /* Products */;
			projectDirPath = "";
			projectRoot = "";
			targets = (
				0EEAE5BD298AB2E5005C8DE3 /* FlexlayoutPractice */,
			);
		};
/* End PBXProject section */

/* Begin PBXResourcesBuildPhase section */
		0EEAE5BC298AB2E5005C8DE3 /* Resources */ = {
			isa = PBXResourcesBuildPhase;
			buildActionMask = 2147483647;
			files = (
				0EEAE5CE298AB2E6005C8DE3 /* LaunchScreen.storyboard in Resources */,
				0EEAE5CB298AB2E6005C8DE3 /* Assets.xcassets in Resources */,
			);
			runOnlyForDeploymentPostprocessing = 0;
		};
/* End PBXResourcesBuildPhase section */

/* Begin PBXSourcesBuildPhase section */
		0EEAE5BA298AB2E5005C8DE3 /* Sources */ = {
			isa = PBXSourcesBuildPhase;
			buildActionMask = 2147483647;
			files = (
				0EB88D472997FA6D00D7D96F /* MethodCell.swift in Sources */,
				0EB88D5E299BC5A700D7D96F /* ExampleAView.swift in Sources */,
				0EB88D3E299690AE00D7D96F /* IntroViewController.swift in Sources */,
				0EB88D40299690CA00D7D96F /* IntroView.swift in Sources */,
				0EB88D6D299BD4AC00D7D96F /* ExampleDView.swift in Sources */,
				0EB88D63299BCF2200D7D96F /* ExampleBViewController.swift in Sources */,
				0EB88D77299BDD4C00D7D96F /* ExampleFView.swift in Sources */,
				0EB88D1929915F8200D7D96F /* HeroHelper.swift in Sources */,
				0EB88D1129914CAD00D7D96F /* CountingViewController.swift in Sources */,
				0EB88D4B2997FDAF00D7D96F /* TableViewExampleView.swift in Sources */,
				0EB88D5229992CB900D7D96F /* CollectionViewExampleView.swift in Sources */,
				0EB88D362993F09B00D7D96F /* PageType.swift in Sources */,
				0EEAE5D6298AB455005C8DE3 /* sampleView.swift in Sources */,
				0EB88D5C299BC57700D7D96F /* ExampleAViewController.swift in Sources */,
				0EB88D2E2993EE0800D7D96F /* BasicView.swift in Sources */,
				0EB88D66299BD10900D7D96F /* ExampleCViewController.swift in Sources */,
				0EEAE5C6298AB2E5005C8DE3 /* ViewController.swift in Sources */,
				0EB88D492997FCC000D7D96F /* MethodGroupHeader.swift in Sources */,
				0EB88D432997CE1A00D7D96F /* RayWenderlichTutorialViewController.swift in Sources */,
				0EB88D1429914D1700D7D96F /* CountingView.swift in Sources */,
				0EB88D5429992FDD00D7D96F /* CollectionViewExampleViewController.swift in Sources */,
				0EB88D592999413400D7D96F /* ExampleViewController.swift in Sources */,
				0EB88D73299BDA8200D7D96F /* ExampleEView.swift in Sources */,
				0EB88D3B2993F1A700D7D96F /* MenuView.swift in Sources */,
				0EB88D6B299BD49100D7D96F /* ExampleDViewController.swift in Sources */,
				0E879DBA299E773B00BBE9D2 /* HouseHeader.swift in Sources */,
				0EB88D392993F15100D7D96F /* MenuViewController.swift in Sources */,
				0EB88D2C2993ED9F00D7D96F /* BaseViewController.swift in Sources */,
				0EB88D68299BD13D00D7D96F /* ExampleCView.swift in Sources */,
				0EB88D342993EFAC00D7D96F /* UIImageView+Extension.swift in Sources */,
				0EEAE5C2298AB2E5005C8DE3 /* AppDelegate.swift in Sources */,
				0EB88D5729993EEA00D7D96F /* ExampleView.swift in Sources */,
				0EB88D502999272200D7D96F /* HouseCell.swift in Sources */,
				0EB88D4D2997FFD300D7D96F /* TableViewExampleViewController.swift in Sources */,
				0EB88D71299BDA6B00D7D96F /* ExampleEViewController.swift in Sources */,
				0EEAE5C4298AB2E5005C8DE3 /* SceneDelegate.swift in Sources */,
				0EB88D61299BCC0000D7D96F /* ExampleBView.swift in Sources */,
				0EB88D75299BDD2900D7D96F /* ExampleFViewController.swift in Sources */,
				0EB88D322993EF3800D7D96F /* UIColor+Extension.swift in Sources */,
			);
			runOnlyForDeploymentPostprocessing = 0;
		};
/* End PBXSourcesBuildPhase section */

/* Begin PBXVariantGroup section */
		0EEAE5CC298AB2E6005C8DE3 /* LaunchScreen.storyboard */ = {
			isa = PBXVariantGroup;
			children = (
				0EEAE5CD298AB2E6005C8DE3 /* Base */,
			);
			name = LaunchScreen.storyboard;
			sourceTree = "<group>";
		};
/* End PBXVariantGroup section */

/* Begin XCBuildConfiguration section */
		0EEAE5D0298AB2E6005C8DE3 /* Debug */ = {
			isa = XCBuildConfiguration;
			buildSettings = {
				ALWAYS_SEARCH_USER_PATHS = NO;
				CLANG_ANALYZER_NONNULL = YES;
				CLANG_ANALYZER_NUMBER_OBJECT_CONVERSION = YES_AGGRESSIVE;
				CLANG_CXX_LANGUAGE_STANDARD = "gnu++20";
				CLANG_ENABLE_MODULES = YES;
				CLANG_ENABLE_OBJC_ARC = YES;
				CLANG_ENABLE_OBJC_WEAK = YES;
				CLANG_WARN_BLOCK_CAPTURE_AUTORELEASING = YES;
				CLANG_WARN_BOOL_CONVERSION = YES;
				CLANG_WARN_COMMA = YES;
				CLANG_WARN_CONSTANT_CONVERSION = YES;
				CLANG_WARN_DEPRECATED_OBJC_IMPLEMENTATIONS = YES;
				CLANG_WARN_DIRECT_OBJC_ISA_USAGE = YES_ERROR;
				CLANG_WARN_DOCUMENTATION_COMMENTS = YES;
				CLANG_WARN_EMPTY_BODY = YES;
				CLANG_WARN_ENUM_CONVERSION = YES;
				CLANG_WARN_INFINITE_RECURSION = YES;
				CLANG_WARN_INT_CONVERSION = YES;
				CLANG_WARN_NON_LITERAL_NULL_CONVERSION = YES;
				CLANG_WARN_OBJC_IMPLICIT_RETAIN_SELF = YES;
				CLANG_WARN_OBJC_LITERAL_CONVERSION = YES;
				CLANG_WARN_OBJC_ROOT_CLASS = YES_ERROR;
				CLANG_WARN_QUOTED_INCLUDE_IN_FRAMEWORK_HEADER = YES;
				CLANG_WARN_RANGE_LOOP_ANALYSIS = YES;
				CLANG_WARN_STRICT_PROTOTYPES = YES;
				CLANG_WARN_SUSPICIOUS_MOVE = YES;
				CLANG_WARN_UNGUARDED_AVAILABILITY = YES_AGGRESSIVE;
				CLANG_WARN_UNREACHABLE_CODE = YES;
				CLANG_WARN__DUPLICATE_METHOD_MATCH = YES;
				COPY_PHASE_STRIP = NO;
				DEBUG_INFORMATION_FORMAT = dwarf;
				ENABLE_STRICT_OBJC_MSGSEND = YES;
				ENABLE_TESTABILITY = YES;
				GCC_C_LANGUAGE_STANDARD = gnu11;
				GCC_DYNAMIC_NO_PIC = NO;
				GCC_NO_COMMON_BLOCKS = YES;
				GCC_OPTIMIZATION_LEVEL = 0;
				GCC_PREPROCESSOR_DEFINITIONS = (
					"DEBUG=1",
					"$(inherited)",
				);
				GCC_WARN_64_TO_32_BIT_CONVERSION = YES;
				GCC_WARN_ABOUT_RETURN_TYPE = YES_ERROR;
				GCC_WARN_UNDECLARED_SELECTOR = YES;
				GCC_WARN_UNINITIALIZED_AUTOS = YES_AGGRESSIVE;
				GCC_WARN_UNUSED_FUNCTION = YES;
				GCC_WARN_UNUSED_VARIABLE = YES;
				IPHONEOS_DEPLOYMENT_TARGET = 16.1;
				MTL_ENABLE_DEBUG_INFO = INCLUDE_SOURCE;
				MTL_FAST_MATH = YES;
				ONLY_ACTIVE_ARCH = YES;
				SDKROOT = iphoneos;
				SWIFT_ACTIVE_COMPILATION_CONDITIONS = DEBUG;
				SWIFT_OPTIMIZATION_LEVEL = "-Onone";
			};
			name = Debug;
		};
		0EEAE5D1298AB2E6005C8DE3 /* Release */ = {
			isa = XCBuildConfiguration;
			buildSettings = {
				ALWAYS_SEARCH_USER_PATHS = NO;
				CLANG_ANALYZER_NONNULL = YES;
				CLANG_ANALYZER_NUMBER_OBJECT_CONVERSION = YES_AGGRESSIVE;
				CLANG_CXX_LANGUAGE_STANDARD = "gnu++20";
				CLANG_ENABLE_MODULES = YES;
				CLANG_ENABLE_OBJC_ARC = YES;
				CLANG_ENABLE_OBJC_WEAK = YES;
				CLANG_WARN_BLOCK_CAPTURE_AUTORELEASING = YES;
				CLANG_WARN_BOOL_CONVERSION = YES;
				CLANG_WARN_COMMA = YES;
				CLANG_WARN_CONSTANT_CONVERSION = YES;
				CLANG_WARN_DEPRECATED_OBJC_IMPLEMENTATIONS = YES;
				CLANG_WARN_DIRECT_OBJC_ISA_USAGE = YES_ERROR;
				CLANG_WARN_DOCUMENTATION_COMMENTS = YES;
				CLANG_WARN_EMPTY_BODY = YES;
				CLANG_WARN_ENUM_CONVERSION = YES;
				CLANG_WARN_INFINITE_RECURSION = YES;
				CLANG_WARN_INT_CONVERSION = YES;
				CLANG_WARN_NON_LITERAL_NULL_CONVERSION = YES;
				CLANG_WARN_OBJC_IMPLICIT_RETAIN_SELF = YES;
				CLANG_WARN_OBJC_LITERAL_CONVERSION = YES;
				CLANG_WARN_OBJC_ROOT_CLASS = YES_ERROR;
				CLANG_WARN_QUOTED_INCLUDE_IN_FRAMEWORK_HEADER = YES;
				CLANG_WARN_RANGE_LOOP_ANALYSIS = YES;
				CLANG_WARN_STRICT_PROTOTYPES = YES;
				CLANG_WARN_SUSPICIOUS_MOVE = YES;
				CLANG_WARN_UNGUARDED_AVAILABILITY = YES_AGGRESSIVE;
				CLANG_WARN_UNREACHABLE_CODE = YES;
				CLANG_WARN__DUPLICATE_METHOD_MATCH = YES;
				COPY_PHASE_STRIP = NO;
				DEBUG_INFORMATION_FORMAT = "dwarf-with-dsym";
				ENABLE_NS_ASSERTIONS = NO;
				ENABLE_STRICT_OBJC_MSGSEND = YES;
				GCC_C_LANGUAGE_STANDARD = gnu11;
				GCC_NO_COMMON_BLOCKS = YES;
				GCC_WARN_64_TO_32_BIT_CONVERSION = YES;
				GCC_WARN_ABOUT_RETURN_TYPE = YES_ERROR;
				GCC_WARN_UNDECLARED_SELECTOR = YES;
				GCC_WARN_UNINITIALIZED_AUTOS = YES_AGGRESSIVE;
				GCC_WARN_UNUSED_FUNCTION = YES;
				GCC_WARN_UNUSED_VARIABLE = YES;
				IPHONEOS_DEPLOYMENT_TARGET = 16.1;
				MTL_ENABLE_DEBUG_INFO = NO;
				MTL_FAST_MATH = YES;
				SDKROOT = iphoneos;
				SWIFT_COMPILATION_MODE = wholemodule;
				SWIFT_OPTIMIZATION_LEVEL = "-O";
				VALIDATE_PRODUCT = YES;
			};
			name = Release;
		};
		0EEAE5D3298AB2E6005C8DE3 /* Debug */ = {
			isa = XCBuildConfiguration;
			buildSettings = {
				ASSETCATALOG_COMPILER_APPICON_NAME = AppIcon;
				ASSETCATALOG_COMPILER_GLOBAL_ACCENT_COLOR_NAME = AccentColor;
				CODE_SIGN_STYLE = Automatic;
				CURRENT_PROJECT_VERSION = 1;
				DEVELOPMENT_TEAM = U8U4L6FXAF;
				"GCC_PREPROCESSOR_DEFINITIONS[arch=*]" = "FLEXLAYOUT_SWIFT_PACKAGE=1";
				GENERATE_INFOPLIST_FILE = YES;
				INFOPLIST_FILE = FlexlayoutPractice/Info.plist;
				INFOPLIST_KEY_UIApplicationSupportsIndirectInputEvents = YES;
				INFOPLIST_KEY_UILaunchStoryboardName = LaunchScreen;
				INFOPLIST_KEY_UISupportedInterfaceOrientations_iPad = "UIInterfaceOrientationPortrait UIInterfaceOrientationPortraitUpsideDown UIInterfaceOrientationLandscapeLeft UIInterfaceOrientationLandscapeRight";
				INFOPLIST_KEY_UISupportedInterfaceOrientations_iPhone = "UIInterfaceOrientationPortrait UIInterfaceOrientationLandscapeLeft UIInterfaceOrientationLandscapeRight";
				IPHONEOS_DEPLOYMENT_TARGET = 15.0;
				LD_RUNPATH_SEARCH_PATHS = (
					"$(inherited)",
					"@executable_path/Frameworks",
				);
				MARKETING_VERSION = 1.0;
				PRODUCT_BUNDLE_IDENTIFIER = net.mhkang.FlexlayoutPractice;
				PRODUCT_NAME = "$(TARGET_NAME)";
				SWIFT_EMIT_LOC_STRINGS = YES;
				SWIFT_VERSION = 5.0;
				TARGETED_DEVICE_FAMILY = "1,2";
			};
			name = Debug;
		};
		0EEAE5D4298AB2E6005C8DE3 /* Release */ = {
			isa = XCBuildConfiguration;
			buildSettings = {
				ASSETCATALOG_COMPILER_APPICON_NAME = AppIcon;
				ASSETCATALOG_COMPILER_GLOBAL_ACCENT_COLOR_NAME = AccentColor;
				CODE_SIGN_STYLE = Automatic;
				CURRENT_PROJECT_VERSION = 1;
				DEVELOPMENT_TEAM = U8U4L6FXAF;
				GENERATE_INFOPLIST_FILE = YES;
				INFOPLIST_FILE = FlexlayoutPractice/Info.plist;
				INFOPLIST_KEY_UIApplicationSupportsIndirectInputEvents = YES;
				INFOPLIST_KEY_UILaunchStoryboardName = LaunchScreen;
				INFOPLIST_KEY_UISupportedInterfaceOrientations_iPad = "UIInterfaceOrientationPortrait UIInterfaceOrientationPortraitUpsideDown UIInterfaceOrientationLandscapeLeft UIInterfaceOrientationLandscapeRight";
				INFOPLIST_KEY_UISupportedInterfaceOrientations_iPhone = "UIInterfaceOrientationPortrait UIInterfaceOrientationLandscapeLeft UIInterfaceOrientationLandscapeRight";
				IPHONEOS_DEPLOYMENT_TARGET = 15.0;
				LD_RUNPATH_SEARCH_PATHS = (
					"$(inherited)",
					"@executable_path/Frameworks",
				);
				MARKETING_VERSION = 1.0;
				PRODUCT_BUNDLE_IDENTIFIER = net.mhkang.FlexlayoutPractice;
				PRODUCT_NAME = "$(TARGET_NAME)";
				SWIFT_EMIT_LOC_STRINGS = YES;
				SWIFT_VERSION = 5.0;
				TARGETED_DEVICE_FAMILY = "1,2";
			};
			name = Release;
		};
/* End XCBuildConfiguration section */

/* Begin XCConfigurationList section */
		0EEAE5B9298AB2E5005C8DE3 /* Build configuration list for PBXProject "FlexlayoutPractice" */ = {
			isa = XCConfigurationList;
			buildConfigurations = (
				0EEAE5D0298AB2E6005C8DE3 /* Debug */,
				0EEAE5D1298AB2E6005C8DE3 /* Release */,
			);
			defaultConfigurationIsVisible = 0;
			defaultConfigurationName = Release;
		};
		0EEAE5D2298AB2E6005C8DE3 /* Build configuration list for PBXNativeTarget "FlexlayoutPractice" */ = {
			isa = XCConfigurationList;
			buildConfigurations = (
				0EEAE5D3298AB2E6005C8DE3 /* Debug */,
				0EEAE5D4298AB2E6005C8DE3 /* Release */,
			);
			defaultConfigurationIsVisible = 0;
			defaultConfigurationName = Release;
		};
/* End XCConfigurationList section */

/* Begin XCRemoteSwiftPackageReference section */
		0EB88D15299158F300D7D96F /* XCRemoteSwiftPackageReference "Hero" */ = {
			isa = XCRemoteSwiftPackageReference;
			repositoryURL = "https://github.com/HeroTransitions/Hero.git";
			requirement = {
				kind = upToNextMajorVersion;
				minimumVersion = 1.0.0;
			};
		};
		0EEAE5D7298AB4C6005C8DE3 /* XCRemoteSwiftPackageReference "PinLayout" */ = {
			isa = XCRemoteSwiftPackageReference;
			repositoryURL = "https://github.com/layoutBox/PinLayout.git";
			requirement = {
				kind = upToNextMajorVersion;
				minimumVersion = 1.0.0;
			};
		};
		0EEAE5DB298AB512005C8DE3 /* XCRemoteSwiftPackageReference "FlexLayout" */ = {
			isa = XCRemoteSwiftPackageReference;
			repositoryURL = "https://github.com/layoutBox/FlexLayout.git";
			requirement = {
				kind = upToNextMajorVersion;
				minimumVersion = 1.0.0;
			};
		};
/* End XCRemoteSwiftPackageReference section */

/* Begin XCSwiftPackageProductDependency section */
		0EB88D16299158F300D7D96F /* Hero */ = {
			isa = XCSwiftPackageProductDependency;
			package = 0EB88D15299158F300D7D96F /* XCRemoteSwiftPackageReference "Hero" */;
			productName = Hero;
		};
		0EEAE5D8298AB4C6005C8DE3 /* PinLayout */ = {
			isa = XCSwiftPackageProductDependency;
			package = 0EEAE5D7298AB4C6005C8DE3 /* XCRemoteSwiftPackageReference "PinLayout" */;
			productName = PinLayout;
		};
		0EEAE5DC298AB512005C8DE3 /* FlexLayout */ = {
			isa = XCSwiftPackageProductDependency;
			package = 0EEAE5DB298AB512005C8DE3 /* XCRemoteSwiftPackageReference "FlexLayout" */;
			productName = FlexLayout;
		};
		0EEAE5DE298AB512005C8DE3 /* FlexLayoutYoga */ = {
			isa = XCSwiftPackageProductDependency;
			package = 0EEAE5DB298AB512005C8DE3 /* XCRemoteSwiftPackageReference "FlexLayout" */;
			productName = FlexLayoutYoga;
		};
		0EEAE5E0298AB512005C8DE3 /* FlexLayoutYogaKit */ = {
			isa = XCSwiftPackageProductDependency;
			package = 0EEAE5DB298AB512005C8DE3 /* XCRemoteSwiftPackageReference "FlexLayout" */;
			productName = FlexLayoutYogaKit;
		};
/* End XCSwiftPackageProductDependency section */
	};
	rootObject = 0EEAE5B6298AB2E5005C8DE3 /* Project object */;
}
